
Microsoft Visual Studio Solution File, Format Version 12.00
# Visual Studio Version 17
VisualStudioVersion = 17.7.34009.444
MinimumVisualStudioVersion = 10.0.40219.1
Project("{FAE04EC0-301F-11D3-BF4B-00C04F79EFBC}") = "PresentacionRefaccionaria", "PresentacionRefaccionaria\PresentacionRefaccionaria.csproj", "{5C78A000-3BF6-4527-9EF3-EA1FA8114A85}"
EndProject
Project("{FAE04EC0-301F-11D3-BF4B-00C04F79EFBC}") = "Entidades", "Entidades\Entidades.csproj", "{2A4AC6EC-EB18-494A-8B73-D8C65B59087C}"
EndProject
Project("{FAE04EC0-301F-11D3-BF4B-00C04F79EFBC}") = "Manejadores", "Manejadores\Manejadores.csproj", "{2E456C12-27DA-4D37-AE4E-4439BFFAE0AB}"
EndProject
Project("{FAE04EC0-301F-11D3-BF4B-00C04F79EFBC}") = "AccesoDatos", "..\..\Archivos\GIT\PracticaNo9\PresentacionTienda\AccesoDatos\AccesoDatos.csproj", "{102EBD7D-B898-467C-B949-BBC4BADD75D6}"
EndProject
Global
	GlobalSection(SolutionConfigurationPlatforms) = preSolution
		Debug|Any CPU = Debug|Any CPU
		Release|Any CPU = Release|Any CPU
	EndGlobalSection
	GlobalSection(ProjectConfigurationPlatforms) = postSolution
		{5C78A000-3BF6-4527-9EF3-EA1FA8114A85}.Debug|Any CPU.ActiveCfg = Debug|Any CPU
		{5C78A000-3BF6-4527-9EF3-EA1FA8114A85}.Debug|Any CPU.Build.0 = Debug|Any CPU
		{5C78A000-3BF6-4527-9EF3-EA1FA8114A85}.Release|Any CPU.ActiveCfg = Release|Any CPU
		{5C78A000-3BF6-4527-9EF3-EA1FA8114A85}.Release|Any CPU.Build.0 = Release|Any CPU
		{2A4AC6EC-EB18-494A-8B73-D8C65B59087C}.Debug|Any CPU.ActiveCfg = Debug|Any CPU
		{2A4AC6EC-EB18-494A-8B73-D8C65B59087C}.Debug|Any CPU.Build.0 = Debug|Any CPU
		{2A4AC6EC-EB18-494A-8B73-D8C65B59087C}.Release|Any CPU.ActiveCfg = Release|Any CPU
		{2A4AC6EC-EB18-494A-8B73-D8C65B59087C}.Release|Any CPU.Build.0 = Release|Any CPU
		{2E456C12-27DA-4D37-AE4E-4439BFFAE0AB}.Debug|Any CPU.ActiveCfg = Debug|Any CPU
		{2E456C12-27DA-4D37-AE4E-4439BFFAE0AB}.Debug|Any CPU.Build.0 = Debug|Any CPU
		{2E456C12-27DA-4D37-AE4E-4439BFFAE0AB}.Release|Any CPU.ActiveCfg = Release|Any CPU
		{2E456C12-27DA-4D37-AE4E-4439BFFAE0AB}.Release|Any CPU.Build.0 = Release|Any CPU
		{102EBD7D-B898-467C-B949-BBC4BADD75D6}.Debug|Any CPU.ActiveCfg = Debug|Any CPU
		{102EBD7D-B898-467C-B949-BBC4BADD75D6}.Debug|Any CPU.Build.0 = Debug|Any CPU
		{102EBD7D-B898-467C-B949-BBC4BADD75D6}.Release|Any CPU.ActiveCfg = Release|Any CPU
		{102EBD7D-B898-467C-B949-BBC4BADD75D6}.Release|Any CPU.Build.0 = Release|Any CPU
	EndGlobalSection
	GlobalSection(SolutionProperties) = preSolution
		HideSolutionNode = FALSE
	EndGlobalSection
	GlobalSection(ExtensibilityGlobals) = postSolution
		SolutionGuid = {8BB760AF-F585-47A1-BA8C-F53C1845F408}
	EndGlobalSection
EndGlobal
